{
  "name": "example-story",
  "version": "1.0.0",
  "lockfileVersion": 3,
  "requires": true,
  "packages": {
    "": {
      "name": "example-story",
      "version": "1.0.0",
      "license": "MIT",
      "dependencies": {
        "storytailor": "^0.0.13"
      },
      "devDependencies": {
        "@types/node": "^11.12.0",
        "typescript": "^3.3.4000"
      }
    },
    "node_modules/@types/node": {
      "version": "11.15.54",
      "resolved": "https://registry.npmjs.org/@types/node/-/node-11.15.54.tgz",
      "integrity": "sha512-1RWYiq+5UfozGsU6MwJyFX6BtktcT10XRjvcAQmskCtMcW3tPske88lM/nHv7BQG1w9KBXI1zPGuu5PnNCX14g==",
      "dev": true
    },
    "node_modules/source-map": {
      "version": "0.7.4",
      "resolved": "https://registry.npmjs.org/source-map/-/source-map-0.7.4.tgz",
      "integrity": "sha512-l3BikUxvPOcn5E74dZiq5BGsTb5yEwhaTSzccU6t4sDOH8NWJCstKO5QT2CvtFoK6F0saL7p9xHAqHOlCPJygA==",
      "engines": {
        "node": ">= 8"
      }
    },
    "node_modules/storytailor": {
      "version": "0.0.13",
      "resolved": "https://registry.npmjs.org/storytailor/-/storytailor-0.0.13.tgz",
      "integrity": "sha512-iQiSYjCXezMAHhMaa+O249lknDMNGkBsCMh1xz0RODeqXHVVcsNNcMkHpYJgSFGDl+3HnDSlXR0ugRiEwbRqTA==",
      "dependencies": {
        "source-map": "^0.7.3"
      },
      "bin": {
        "stsc": "bin/stsc",
        "stsp": "bin/stsp"
      }
    },
    "node_modules/typescript": {
      "version": "3.9.10",
      "resolved": "https://registry.npmjs.org/typescript/-/typescript-3.9.10.tgz",
      "integrity": "sha512-w6fIxVE/H1PkLKcCPsFqKE7Kv7QUwhU8qQY2MueZXWx5cPZdwFupLgKK3vntcK98BtNHZtAF4LA/yl2a7k8R6Q==",
      "dev": true,
      "bin": {
        "tsc": "bin/tsc",
        "tsserver": "bin/tsserver"
      },
      "engines": {
        "node": ">=4.2.0"
      }
    }
  }
}
